
Microsoft Visual Studio Solution File, Format Version 12.00
Project("{FAE04EC0-301F-11D3-BF4B-00C04F79EFBC}") = "TestLINQ", "TestLINQ\TestLINQ.csproj", "{7820F7AE-FC1E-4CFF-9C4A-3566A6F16F31}"
EndProject
Global
	GlobalSection(SolutionConfigurationPlatforms) = preSolution
		Debug|Any CPU = Debug|Any CPU
		Release|Any CPU = Release|Any CPU
	EndGlobalSection
	GlobalSection(ProjectConfigurationPlatforms) = postSolution
		{7820F7AE-FC1E-4CFF-9C4A-3566A6F16F31}.Debug|Any CPU.ActiveCfg = Debug|Any CPU
		{7820F7AE-FC1E-4CFF-9C4A-3566A6F16F31}.Debug|Any CPU.Build.0 = Debug|Any CPU
		{7820F7AE-FC1E-4CFF-9C4A-3566A6F16F31}.Release|Any CPU.ActiveCfg = Release|Any CPU
		{7820F7AE-FC1E-4CFF-9C4A-3566A6F16F31}.Release|Any CPU.Build.0 = Release|Any CPU
	EndGlobalSection
EndGlobal
